
Microsoft Visual Studio Solution File, Format Version 12.00
# Visual Studio Version 17
VisualStudioVersion = 17.10.35027.167
MinimumVisualStudioVersion = 10.0.40219.1
Project("{FAE04EC0-301F-11D3-BF4B-00C04F79EFBC}") = "Ejemplo2_Guia3", "Ejemplo2_Guia3.csproj", "{5D482345-F9DB-4EB8-81D8-82E928CFC58E}"
EndProject
Global
	GlobalSection(SolutionConfigurationPlatforms) = preSolution
		Debug|Any CPU = Debug|Any CPU
		Release|Any CPU = Release|Any CPU
	EndGlobalSection
	GlobalSection(ProjectConfigurationPlatforms) = postSolution
		{5D482345-F9DB-4EB8-81D8-82E928CFC58E}.Debug|Any CPU.ActiveCfg = Debug|Any CPU
		{5D482345-F9DB-4EB8-81D8-82E928CFC58E}.Debug|Any CPU.Build.0 = Debug|Any CPU
		{5D482345-F9DB-4EB8-81D8-82E928CFC58E}.Release|Any CPU.ActiveCfg = Release|Any CPU
		{5D482345-F9DB-4EB8-81D8-82E928CFC58E}.Release|Any CPU.Build.0 = Release|Any CPU
	EndGlobalSection
	GlobalSection(SolutionProperties) = preSolution
		HideSolutionNode = FALSE
	EndGlobalSection
	GlobalSection(ExtensibilityGlobals) = postSolution
		SolutionGuid = {3F46EA2A-510E-485D-AA67-E343ED0CA619}
	EndGlobalSection
EndGlobal
