
Microsoft Visual Studio Solution File, Format Version 12.00
# Visual Studio 15
VisualStudioVersion = 15.0.33026.149
MinimumVisualStudioVersion = 10.0.40219.1
Project("{FAE04EC0-301F-11D3-BF4B-00C04F79EFBC}") = "Complementario_01", "Complementario_01.csproj", "{29AC3D65-C96A-4777-9562-2CA07EBBB6A0}"
EndProject
Global
	GlobalSection(SolutionConfigurationPlatforms) = preSolution
		Debug|Any CPU = Debug|Any CPU
		Release|Any CPU = Release|Any CPU
	EndGlobalSection
	GlobalSection(ProjectConfigurationPlatforms) = postSolution
		{29AC3D65-C96A-4777-9562-2CA07EBBB6A0}.Debug|Any CPU.ActiveCfg = Debug|Any CPU
		{29AC3D65-C96A-4777-9562-2CA07EBBB6A0}.Debug|Any CPU.Build.0 = Debug|Any CPU
		{29AC3D65-C96A-4777-9562-2CA07EBBB6A0}.Release|Any CPU.ActiveCfg = Release|Any CPU
		{29AC3D65-C96A-4777-9562-2CA07EBBB6A0}.Release|Any CPU.Build.0 = Release|Any CPU
	EndGlobalSection
	GlobalSection(SolutionProperties) = preSolution
		HideSolutionNode = FALSE
	EndGlobalSection
	GlobalSection(ExtensibilityGlobals) = postSolution
		SolutionGuid = {CB34A89A-BA36-4FBA-BC90-243D48BB3EE3}
	EndGlobalSection
EndGlobal
