
Microsoft Visual Studio Solution File, Format Version 12.00
# Visual Studio Version 17
VisualStudioVersion = 17.10.35027.167
MinimumVisualStudioVersion = 10.0.40219.1
Project("{FAE04EC0-301F-11D3-BF4B-00C04F79EFBC}") = "Ejemplo1_Guia3", "Ejemplo1_Guia3.csproj", "{7F70E5FC-374B-478E-8B74-B6F493F905B3}"
EndProject
Global
	GlobalSection(SolutionConfigurationPlatforms) = preSolution
		Debug|Any CPU = Debug|Any CPU
		Release|Any CPU = Release|Any CPU
	EndGlobalSection
	GlobalSection(ProjectConfigurationPlatforms) = postSolution
		{7F70E5FC-374B-478E-8B74-B6F493F905B3}.Debug|Any CPU.ActiveCfg = Debug|Any CPU
		{7F70E5FC-374B-478E-8B74-B6F493F905B3}.Debug|Any CPU.Build.0 = Debug|Any CPU
		{7F70E5FC-374B-478E-8B74-B6F493F905B3}.Release|Any CPU.ActiveCfg = Release|Any CPU
		{7F70E5FC-374B-478E-8B74-B6F493F905B3}.Release|Any CPU.Build.0 = Release|Any CPU
	EndGlobalSection
	GlobalSection(SolutionProperties) = preSolution
		HideSolutionNode = FALSE
	EndGlobalSection
	GlobalSection(ExtensibilityGlobals) = postSolution
		SolutionGuid = {89FD7537-0E58-48E8-BF15-AA1E93019574}
	EndGlobalSection
EndGlobal
